{
    "name": "counter-figma",
    "lockfileVersion": 3,
    "requires": true,
    "packages": {
        "": {
            "devDependencies": {
                "inline-chunk-html-plugin": "^1.1.1"
            }
        },
        "node_modules/inline-chunk-html-plugin": {
            "version": "1.1.1",
            "resolved": "https://registry.npmjs.org/inline-chunk-html-plugin/-/inline-chunk-html-plugin-1.1.1.tgz",
            "integrity": "sha512-6W1eGIj8z/Yla6xJx5il6jJfCxMZS3kVkbiLQThbbjdsDLRIWkUVmpnhfW2l6WAwCW+qfy0zoXVGBZM1E5XF3g==",
            "dev": true
        }
    }
}
